
Microsoft Visual Studio Solution File, Format Version 12.00
# Visual Studio Version 17
VisualStudioVersion = 17.6.33712.159
MinimumVisualStudioVersion = 10.0.40219.1
Project("{FAE04EC0-301F-11D3-BF4B-00C04F79EFBC}") = "ConsoleApp1", "ConsoleApp1\ConsoleApp1.csproj", "{D49E37C1-7622-4774-8D35-8C11F3D72D41}"
EndProject
Global
	GlobalSection(SolutionConfigurationPlatforms) = preSolution
		Debug|Any CPU = Debug|Any CPU
		Release|Any CPU = Release|Any CPU
	EndGlobalSection
	GlobalSection(ProjectConfigurationPlatforms) = postSolution
		{D49E37C1-7622-4774-8D35-8C11F3D72D41}.Debug|Any CPU.ActiveCfg = Debug|Any CPU
		{D49E37C1-7622-4774-8D35-8C11F3D72D41}.Debug|Any CPU.Build.0 = Debug|Any CPU
		{D49E37C1-7622-4774-8D35-8C11F3D72D41}.Release|Any CPU.ActiveCfg = Release|Any CPU
		{D49E37C1-7622-4774-8D35-8C11F3D72D41}.Release|Any CPU.Build.0 = Release|Any CPU
	EndGlobalSection
	GlobalSection(SolutionProperties) = preSolution
		HideSolutionNode = FALSE
	EndGlobalSection
	GlobalSection(ExtensibilityGlobals) = postSolution
		SolutionGuid = {DA42F164-B9FB-4130-B042-47C66E04DF2D}
	EndGlobalSection
EndGlobal
